
Microsoft Visual Studio Solution File, Format Version 12.00
# Visual Studio Version 17
VisualStudioVersion = 17.9.34728.123
MinimumVisualStudioVersion = 10.0.40219.1
Project("{FAE04EC0-301F-11D3-BF4B-00C04F79EFBC}") = "Game2048", "Game2048\Game2048.csproj", "{05DD22E9-5D1F-4B03-924C-676B8A94D692}"
EndProject
Global
	GlobalSection(SolutionConfigurationPlatforms) = preSolution
		Debug|Any CPU = Debug|Any CPU
		Release|Any CPU = Release|Any CPU
	EndGlobalSection
	GlobalSection(ProjectConfigurationPlatforms) = postSolution
		{05DD22E9-5D1F-4B03-924C-676B8A94D692}.Debug|Any CPU.ActiveCfg = Debug|Any CPU
		{05DD22E9-5D1F-4B03-924C-676B8A94D692}.Debug|Any CPU.Build.0 = Debug|Any CPU
		{05DD22E9-5D1F-4B03-924C-676B8A94D692}.Release|Any CPU.ActiveCfg = Release|Any CPU
		{05DD22E9-5D1F-4B03-924C-676B8A94D692}.Release|Any CPU.Build.0 = Release|Any CPU
	EndGlobalSection
	GlobalSection(SolutionProperties) = preSolution
		HideSolutionNode = FALSE
	EndGlobalSection
	GlobalSection(ExtensibilityGlobals) = postSolution
		SolutionGuid = {D947F203-BAC1-4C92-A83D-FA2682112CA3}
	EndGlobalSection
EndGlobal
